
Microsoft Visual Studio Solution File, Format Version 12.00
# Visual Studio Version 16
VisualStudioVersion = 16.0.31005.135
MinimumVisualStudioVersion = 10.0.40219.1
Project("{FAE04EC0-301F-11D3-BF4B-00C04F79EFBC}") = "Mavanmanen.StreamDeckSharp", "Mavanmanen.StreamDeckSharp\Mavanmanen.StreamDeckSharp.csproj", "{FDD8AE6A-4F40-47C4-B57F-084F2F17B8FD}"
EndProject
Project("{FAE04EC0-301F-11D3-BF4B-00C04F79EFBC}") = "Mavanmanen.StreamDeckSharp.Tester", "Mavanmanen.StreamDeckSharp.Tester\Mavanmanen.StreamDeckSharp.Tester.csproj", "{823584C2-7242-4E16-876F-A209F1F0BC41}"
EndProject
Global
	GlobalSection(SolutionConfigurationPlatforms) = preSolution
		Debug|Any CPU = Debug|Any CPU
		Release|Any CPU = Release|Any CPU
	EndGlobalSection
	GlobalSection(ProjectConfigurationPlatforms) = postSolution
		{FDD8AE6A-4F40-47C4-B57F-084F2F17B8FD}.Debug|Any CPU.ActiveCfg = Debug|Any CPU
		{FDD8AE6A-4F40-47C4-B57F-084F2F17B8FD}.Debug|Any CPU.Build.0 = Debug|Any CPU
		{FDD8AE6A-4F40-47C4-B57F-084F2F17B8FD}.Release|Any CPU.ActiveCfg = Release|Any CPU
		{FDD8AE6A-4F40-47C4-B57F-084F2F17B8FD}.Release|Any CPU.Build.0 = Release|Any CPU
		{823584C2-7242-4E16-876F-A209F1F0BC41}.Debug|Any CPU.ActiveCfg = Debug|Any CPU
		{823584C2-7242-4E16-876F-A209F1F0BC41}.Debug|Any CPU.Build.0 = Debug|Any CPU
		{823584C2-7242-4E16-876F-A209F1F0BC41}.Release|Any CPU.ActiveCfg = Release|Any CPU
		{823584C2-7242-4E16-876F-A209F1F0BC41}.Release|Any CPU.Build.0 = Release|Any CPU
	EndGlobalSection
	GlobalSection(SolutionProperties) = preSolution
		HideSolutionNode = FALSE
	EndGlobalSection
	GlobalSection(ExtensibilityGlobals) = postSolution
		SolutionGuid = {4952691F-DBDF-4259-9818-58CB0BFA071A}
	EndGlobalSection
EndGlobal
